
Microsoft Visual Studio Solution File, Format Version 12.00
# Visual Studio 2013
VisualStudioVersion = 12.0.40629.0
MinimumVisualStudioVersion = 10.0.40219.1
Project("{FAE04EC0-301F-11D3-BF4B-00C04F79EFBC}") = "ProjectSocialSynapse", "FacebookLoginMVC\ProjectSocialSynapse.csproj", "{EDE2697E-0C10-448B-8E82-49C9DE70517E}"
EndProject
Global
	GlobalSection(SolutionConfigurationPlatforms) = preSolution
		Debug|Any CPU = Debug|Any CPU
		Release|Any CPU = Release|Any CPU
	EndGlobalSection
	GlobalSection(ProjectConfigurationPlatforms) = postSolution
		{EDE2697E-0C10-448B-8E82-49C9DE70517E}.Debug|Any CPU.ActiveCfg = Debug|Any CPU
		{EDE2697E-0C10-448B-8E82-49C9DE70517E}.Debug|Any CPU.Build.0 = Debug|Any CPU
		{EDE2697E-0C10-448B-8E82-49C9DE70517E}.Release|Any CPU.ActiveCfg = Release|Any CPU
		{EDE2697E-0C10-448B-8E82-49C9DE70517E}.Release|Any CPU.Build.0 = Release|Any CPU
	EndGlobalSection
	GlobalSection(SolutionProperties) = preSolution
		HideSolutionNode = FALSE
	EndGlobalSection
EndGlobal
